// !$*UTF8*$!
{
	archiveVersion = 1;
	classes = {
	};
	objectVersion = 50;
	objects = {

/* Begin PBXBuildFile section */
		117E575621D41220009E4240 /* AppDelegate.swift in Sources */ = {isa = PBXBuildFile; fileRef = 117E575521D41220009E4240 /* AppDelegate.swift */; };
		117E575821D41221009E4240 /* TaskViewController.swift in Sources */ = {isa = PBXBuildFile; fileRef = 117E575721D41221009E4240 /* TaskViewController.swift */; };
		117E575B21D41221009E4240 /* Main.storyboard in Resources */ = {isa = PBXBuildFile; fileRef = 117E575921D41221009E4240 /* Main.storyboard */; };
		117E575E21D41221009E4240 /* MyDiaryApp3.xcdatamodeld in Sources */ = {isa = PBXBuildFile; fileRef = 117E575C21D41221009E4240 /* MyDiaryApp3.xcdatamodeld */; };
		117E576021D41221009E4240 /* Assets.xcassets in Resources */ = {isa = PBXBuildFile; fileRef = 117E575F21D41221009E4240 /* Assets.xcassets */; };
		117E576321D41221009E4240 /* LaunchScreen.storyboard in Resources */ = {isa = PBXBuildFile; fileRef = 117E576121D41221009E4240 /* LaunchScreen.storyboard */; };
		11C024AC21D5612800EE58BD /* AudioViewController.swift in Sources */ = {isa = PBXBuildFile; fileRef = 11C024AB21D5612800EE58BD /* AudioViewController.swift */; };
		11C024AE21D5661C00EE58BD /* CameraViewController.swift in Sources */ = {isa = PBXBuildFile; fileRef = 11C024AD21D5661C00EE58BD /* CameraViewController.swift */; };
		11C024B321D5740F00EE58BD /* Localizable.strings in Resources */ = {isa = PBXBuildFile; fileRef = 11C024B521D5740F00EE58BD /* Localizable.strings */; };
/* End PBXBuildFile section */

/* Begin PBXFileReference section */
		117E575221D41220009E4240 /* MyDiaryApp3.app */ = {isa = PBXFileReference; explicitFileType = wrapper.application; includeInIndex = 0; path = MyDiaryApp3.app; sourceTree = BUILT_PRODUCTS_DIR; };
		117E575521D41220009E4240 /* AppDelegate.swift */ = {isa = PBXFileReference; lastKnownFileType = sourcecode.swift; path = AppDelegate.swift; sourceTree = "<group>"; };
		117E575721D41221009E4240 /* TaskViewController.swift */ = {isa = PBXFileReference; lastKnownFileType = sourcecode.swift; path = TaskViewController.swift; sourceTree = "<group>"; };
		117E575A21D41221009E4240 /* Base */ = {isa = PBXFileReference; lastKnownFileType = file.storyboard; name = Base; path = Base.lproj/Main.storyboard; sourceTree = "<group>"; };
		117E575D21D41221009E4240 /* MyDiaryApp3.xcdatamodel */ = {isa = PBXFileReference; lastKnownFileType = wrapper.xcdatamodel; path = MyDiaryApp3.xcdatamodel; sourceTree = "<group>"; };
		117E575F21D41221009E4240 /* Assets.xcassets */ = {isa = PBXFileReference; lastKnownFileType = folder.assetcatalog; path = Assets.xcassets; sourceTree = "<group>"; };
		117E576221D41221009E4240 /* Base */ = {isa = PBXFileReference; lastKnownFileType = file.storyboard; name = Base; path = Base.lproj/LaunchScreen.storyboard; sourceTree = "<group>"; };
		117E576421D41221009E4240 /* Info.plist */ = {isa = PBXFileReference; lastKnownFileType = text.plist.xml; path = Info.plist; sourceTree = "<group>"; };
		11C024AB21D5612800EE58BD /* AudioViewController.swift */ = {isa = PBXFileReference; lastKnownFileType = sourcecode.swift; path = AudioViewController.swift; sourceTree = "<group>"; };
		11C024AD21D5661C00EE58BD /* CameraViewController.swift */ = {isa = PBXFileReference; lastKnownFileType = sourcecode.swift; path = CameraViewController.swift; sourceTree = "<group>"; };
		11C024AF21D5739400EE58BD /* de */ = {isa = PBXFileReference; lastKnownFileType = text.plist.strings; name = de; path = de.lproj/Main.strings; sourceTree = "<group>"; };
		11C024B021D5739500EE58BD /* de */ = {isa = PBXFileReference; lastKnownFileType = text.plist.strings; name = de; path = de.lproj/LaunchScreen.strings; sourceTree = "<group>"; };
		11C024B421D5740F00EE58BD /* en */ = {isa = PBXFileReference; lastKnownFileType = text.plist.strings; name = en; path = en.lproj/Localizable.strings; sourceTree = "<group>"; };
		11C024B621D5741200EE58BD /* de */ = {isa = PBXFileReference; lastKnownFileType = text.plist.strings; name = de; path = de.lproj/Localizable.strings; sourceTree = "<group>"; };
/* End PBXFileReference section */

/* Begin PBXFrameworksBuildPhase section */
		117E574F21D41220009E4240 /* Frameworks */ = {
			isa = PBXFrameworksBuildPhase;
			buildActionMask = 2147483647;
			files = (
			);
			runOnlyForDeploymentPostprocessing = 0;
		};
/* End PBXFrameworksBuildPhase section */

/* Begin PBXGroup section */
		117E574921D41220009E4240 = {
			isa = PBXGroup;
			children = (
				11C024B521D5740F00EE58BD /* Localizable.strings */,
				117E575421D41220009E4240 /* MyDiaryApp3 */,
				117E575321D41220009E4240 /* Products */,
			);
			sourceTree = "<group>";
		};
		117E575321D41220009E4240 /* Products */ = {
			isa = PBXGroup;
			children = (
				117E575221D41220009E4240 /* MyDiaryApp3.app */,
			);
			name = Products;
			sourceTree = "<group>";
		};
		117E575421D41220009E4240 /* MyDiaryApp3 */ = {
			isa = PBXGroup;
			children = (
				117E575521D41220009E4240 /* AppDelegate.swift */,
				117E575721D41221009E4240 /* TaskViewController.swift */,
				117E575921D41221009E4240 /* Main.storyboard */,
				117E575F21D41221009E4240 /* Assets.xcassets */,
				117E576121D41221009E4240 /* LaunchScreen.storyboard */,
				117E576421D41221009E4240 /* Info.plist */,
				117E575C21D41221009E4240 /* MyDiaryApp3.xcdatamodeld */,
				11C024AB21D5612800EE58BD /* AudioViewController.swift */,
				11C024AD21D5661C00EE58BD /* CameraViewController.swift */,
			);
			path = MyDiaryApp3;
			sourceTree = "<group>";
		};
/* End PBXGroup section */

/* Begin PBXNativeTarget section */
		117E575121D41220009E4240 /* MyDiaryApp3 */ = {
			isa = PBXNativeTarget;
			buildConfigurationList = 117E576721D41221009E4240 /* Build configuration list for PBXNativeTarget "MyDiaryApp3" */;
			buildPhases = (
				117E574E21D41220009E4240 /* Sources */,
				117E574F21D41220009E4240 /* Frameworks */,
				117E575021D41220009E4240 /* Resources */,
			);
			buildRules = (
			);
			dependencies = (
			);
			name = MyDiaryApp3;
			productName = MyDiaryApp3;
			productReference = 117E575221D41220009E4240 /* MyDiaryApp3.app */;
			productType = "com.apple.product-type.application";
		};
/* End PBXNativeTarget section */

/* Begin PBXProject section */
		117E574A21D41220009E4240 /* Project object */ = {
			isa = PBXProject;
			attributes = {
				LastSwiftUpdateCheck = 1010;
				LastUpgradeCheck = 1010;
				ORGANIZATIONNAME = fahri;
				TargetAttributes = {
					117E575121D41220009E4240 = {
						CreatedOnToolsVersion = 10.1;
					};
				};
			};
			buildConfigurationList = 117E574D21D41220009E4240 /* Build configuration list for PBXProject "MyDiaryApp3" */;
			compatibilityVersion = "Xcode 9.3";
			developmentRegion = en;
			hasScannedForEncodings = 0;
			knownRegions = (
				en,
				Base,
				de,
			);
			mainGroup = 117E574921D41220009E4240;
			productRefGroup = 117E575321D41220009E4240 /* Products */;
			projectDirPath = "";
			projectRoot = "";
			targets = (
				117E575121D41220009E4240 /* MyDiaryApp3 */,
			);
		};
/* End PBXProject section */

/* Begin PBXResourcesBuildPhase section */
		117E575021D41220009E4240 /* Resources */ = {
			isa = PBXResourcesBuildPhase;
			buildActionMask = 2147483647;
			files = (
				117E576321D41221009E4240 /* LaunchScreen.storyboard in Resources */,
				11C024B321D5740F00EE58BD /* Localizable.strings in Resources */,
				117E576021D41221009E4240 /* Assets.xcassets in Resources */,
				117E575B21D41221009E4240 /* Main.storyboard in Resources */,
			);
			runOnlyForDeploymentPostprocessing = 0;
		};
/* End PBXResourcesBuildPhase section */

/* Begin PBXSourcesBuildPhase section */
		117E574E21D41220009E4240 /* Sources */ = {
			isa = PBXSourcesBuildPhase;
			buildActionMask = 2147483647;
			files = (
				117E575821D41221009E4240 /* TaskViewController.swift in Sources */,
				11C024AE21D5661C00EE58BD /* CameraViewController.swift in Sources */,
				11C024AC21D5612800EE58BD /* AudioViewController.swift in Sources */,
				117E575621D41220009E4240 /* AppDelegate.swift in Sources */,
				117E575E21D41221009E4240 /* MyDiaryApp3.xcdatamodeld in Sources */,
			);
			runOnlyForDeploymentPostprocessing = 0;
		};
/* End PBXSourcesBuildPhase section */

/* Begin PBXVariantGroup section */
		117E575921D41221009E4240 /* Main.storyboard */ = {
			isa = PBXVariantGroup;
			children = (
				117E575A21D41221009E4240 /* Base */,
				11C024AF21D5739400EE58BD /* de */,
			);
			name = Main.storyboard;
			sourceTree = "<group>";
		};
		117E576121D41221009E4240 /* LaunchScreen.storyboard */ = {
			isa = PBXVariantGroup;
			children = (
				117E576221D41221009E4240 /* Base */,
				11C024B021D5739500EE58BD /* de */,
			);
			name = LaunchScreen.storyboard;
			sourceTree = "<group>";
		};
		11C024B521D5740F00EE58BD /* Localizable.strings */ = {
			isa = PBXVariantGroup;
			children = (
				11C024B421D5740F00EE58BD /* en */,
				11C024B621D5741200EE58BD /* de */,
			);
			name = Localizable.strings;
			sourceTree = "<group>";
		};
/* End PBXVariantGroup section */

/* Begin XCBuildConfiguration section */
		117E576521D41221009E4240 /* Debug */ = {
			isa = XCBuildConfiguration;
			buildSettings = {
				ALWAYS_SEARCH_USER_PATHS = NO;
				CLANG_ANALYZER_LOCALIZABILITY_NONLOCALIZED = YES;
				CLANG_ANALYZER_NONNULL = YES;
				CLANG_ANALYZER_NUMBER_OBJECT_CONVERSION = YES_AGGRESSIVE;
				CLANG_CXX_LANGUAGE_STANDARD = "gnu++14";
				CLANG_CXX_LIBRARY = "libc++";
				CLANG_ENABLE_MODULES = YES;
				CLANG_ENABLE_OBJC_ARC = YES;
				CLANG_ENABLE_OBJC_WEAK = YES;
				CLANG_WARN_BLOCK_CAPTURE_AUTORELEASING = YES;
				CLANG_WARN_BOOL_CONVERSION = YES;
				CLANG_WARN_COMMA = YES;
				CLANG_WARN_CONSTANT_CONVERSION = YES;
				CLANG_WARN_DEPRECATED_OBJC_IMPLEMENTATIONS = YES;
				CLANG_WARN_DIRECT_OBJC_ISA_USAGE = YES_ERROR;
				CLANG_WARN_DOCUMENTATION_COMMENTS = YES;
				CLANG_WARN_EMPTY_BODY = YES;
				CLANG_WARN_ENUM_CONVERSION = YES;
				CLANG_WARN_INFINITE_RECURSION = YES;
				CLANG_WARN_INT_CONVERSION = YES;
				CLANG_WARN_NON_LITERAL_NULL_CONVERSION = YES;
				CLANG_WARN_OBJC_IMPLICIT_RETAIN_SELF = YES;
				CLANG_WARN_OBJC_LITERAL_CONVERSION = YES;
				CLANG_WARN_OBJC_ROOT_CLASS = YES_ERROR;
				CLANG_WARN_RANGE_LOOP_ANALYSIS = YES;
				CLANG_WARN_STRICT_PROTOTYPES = YES;
				CLANG_WARN_SUSPICIOUS_MOVE = YES;
				CLANG_WARN_UNGUARDED_AVAILABILITY = YES_AGGRESSIVE;
				CLANG_WARN_UNREACHABLE_CODE = YES;
				CLANG_WARN__DUPLICATE_METHOD_MATCH = YES;
				CODE_SIGN_IDENTITY = "iPhone Developer";
				COPY_PHASE_STRIP = NO;
				DEBUG_INFORMATION_FORMAT = dwarf;
				ENABLE_STRICT_OBJC_MSGSEND = YES;
				ENABLE_TESTABILITY = YES;
				GCC_C_LANGUAGE_STANDARD = gnu11;
				GCC_DYNAMIC_NO_PIC = NO;
				GCC_NO_COMMON_BLOCKS = YES;
				GCC_OPTIMIZATION_LEVEL = 0;
				GCC_PREPROCESSOR_DEFINITIONS = (
					"DEBUG=1",
					"$(inherited)",
				);
				GCC_WARN_64_TO_32_BIT_CONVERSION = YES;
				GCC_WARN_ABOUT_RETURN_TYPE = YES_ERROR;
				GCC_WARN_UNDECLARED_SELECTOR = YES;
				GCC_WARN_UNINITIALIZED_AUTOS = YES_AGGRESSIVE;
				GCC_WARN_UNUSED_FUNCTION = YES;
				GCC_WARN_UNUSED_VARIABLE = YES;
				IPHONEOS_DEPLOYMENT_TARGET = 12.1;
				MTL_ENABLE_DEBUG_INFO = INCLUDE_SOURCE;
				MTL_FAST_MATH = YES;
				ONLY_ACTIVE_ARCH = YES;
				SDKROOT = iphoneos;
				SWIFT_ACTIVE_COMPILATION_CONDITIONS = DEBUG;
				SWIFT_OPTIMIZATION_LEVEL = "-Onone";
			};
			name = Debug;
		};
		117E576621D41221009E4240 /* Release */ = {
			isa = XCBuildConfiguration;
			buildSettings = {
				ALWAYS_SEARCH_USER_PATHS = NO;
				CLANG_ANALYZER_LOCALIZABILITY_NONLOCALIZED = YES;
				CLANG_ANALYZER_NONNULL = YES;
				CLANG_ANALYZER_NUMBER_OBJECT_CONVERSION = YES_AGGRESSIVE;
				CLANG_CXX_LANGUAGE_STANDARD = "gnu++14";
				CLANG_CXX_LIBRARY = "libc++";
				CLANG_ENABLE_MODULES = YES;
				CLANG_ENABLE_OBJC_ARC = YES;
				CLANG_ENABLE_OBJC_WEAK = YES;
				CLANG_WARN_BLOCK_CAPTURE_AUTORELEASING = YES;
				CLANG_WARN_BOOL_CONVERSION = YES;
				CLANG_WARN_COMMA = YES;
				CLANG_WARN_CONSTANT_CONVERSION = YES;
				CLANG_WARN_DEPRECATED_OBJC_IMPLEMENTATIONS = YES;
				CLANG_WARN_DIRECT_OBJC_ISA_USAGE = YES_ERROR;
				CLANG_WARN_DOCUMENTATION_COMMENTS = YES;
				CLANG_WARN_EMPTY_BODY = YES;
				CLANG_WARN_ENUM_CONVERSION = YES;
				CLANG_WARN_INFINITE_RECURSION = YES;
				CLANG_WARN_INT_CONVERSION = YES;
				CLANG_WARN_NON_LITERAL_NULL_CONVERSION = YES;
				CLANG_WARN_OBJC_IMPLICIT_RETAIN_SELF = YES;
				CLANG_WARN_OBJC_LITERAL_CONVERSION = YES;
				CLANG_WARN_OBJC_ROOT_CLASS = YES_ERROR;
				CLANG_WARN_RANGE_LOOP_ANALYSIS = YES;
				CLANG_WARN_STRICT_PROTOTYPES = YES;
				CLANG_WARN_SUSPICIOUS_MOVE = YES;
				CLANG_WARN_UNGUARDED_AVAILABILITY = YES_AGGRESSIVE;
				CLANG_WARN_UNREACHABLE_CODE = YES;
				CLANG_WARN__DUPLICATE_METHOD_MATCH = YES;
				CODE_SIGN_IDENTITY = "iPhone Developer";
				COPY_PHASE_STRIP = NO;
				DEBUG_INFORMATION_FORMAT = "dwarf-with-dsym";
				ENABLE_NS_ASSERTIONS = NO;
				ENABLE_STRICT_OBJC_MSGSEND = YES;
				GCC_C_LANGUAGE_STANDARD = gnu11;
				GCC_NO_COMMON_BLOCKS = YES;
				GCC_WARN_64_TO_32_BIT_CONVERSION = YES;
				GCC_WARN_ABOUT_RETURN_TYPE = YES_ERROR;
				GCC_WARN_UNDECLARED_SELECTOR = YES;
				GCC_WARN_UNINITIALIZED_AUTOS = YES_AGGRESSIVE;
				GCC_WARN_UNUSED_FUNCTION = YES;
				GCC_WARN_UNUSED_VARIABLE = YES;
				IPHONEOS_DEPLOYMENT_TARGET = 12.1;
				MTL_ENABLE_DEBUG_INFO = NO;
				MTL_FAST_MATH = YES;
				SDKROOT = iphoneos;
				SWIFT_COMPILATION_MODE = wholemodule;
				SWIFT_OPTIMIZATION_LEVEL = "-O";
				VALIDATE_PRODUCT = YES;
			};
			name = Release;
		};
		117E576821D41221009E4240 /* Debug */ = {
			isa = XCBuildConfiguration;
			buildSettings = {
				ASSETCATALOG_COMPILER_APPICON_NAME = AppIcon;
				CODE_SIGN_STYLE = Automatic;
				INFOPLIST_FILE = MyDiaryApp3/Info.plist;
				LD_RUNPATH_SEARCH_PATHS = (
					"$(inherited)",
					"@executable_path/Frameworks",
				);
				PRODUCT_BUNDLE_IDENTIFIER = at.fahri.MyDiaryApp3;
				PRODUCT_NAME = "$(TARGET_NAME)";
				SWIFT_VERSION = 4.2;
				TARGETED_DEVICE_FAMILY = "1,2";
			};
			name = Debug;
		};
		117E576921D41221009E4240 /* Release */ = {
			isa = XCBuildConfiguration;
			buildSettings = {
				ASSETCATALOG_COMPILER_APPICON_NAME = AppIcon;
				CODE_SIGN_STYLE = Automatic;
				INFOPLIST_FILE = MyDiaryApp3/Info.plist;
				LD_RUNPATH_SEARCH_PATHS = (
					"$(inherited)",
					"@executable_path/Frameworks",
				);
				PRODUCT_BUNDLE_IDENTIFIER = at.fahri.MyDiaryApp3;
				PRODUCT_NAME = "$(TARGET_NAME)";
				SWIFT_VERSION = 4.2;
				TARGETED_DEVICE_FAMILY = "1,2";
			};
			name = Release;
		};
/* End XCBuildConfiguration section */

/* Begin XCConfigurationList section */
		117E574D21D41220009E4240 /* Build configuration list for PBXProject "MyDiaryApp3" */ = {
			isa = XCConfigurationList;
			buildConfigurations = (
				117E576521D41221009E4240 /* Debug */,
				117E576621D41221009E4240 /* Release */,
			);
			defaultConfigurationIsVisible = 0;
			defaultConfigurationName = Release;
		};
		117E576721D41221009E4240 /* Build configuration list for PBXNativeTarget "MyDiaryApp3" */ = {
			isa = XCConfigurationList;
			buildConfigurations = (
				117E576821D41221009E4240 /* Debug */,
				117E576921D41221009E4240 /* Release */,
			);
			defaultConfigurationIsVisible = 0;
			defaultConfigurationName = Release;
		};
/* End XCConfigurationList section */

/* Begin XCVersionGroup section */
		117E575C21D41221009E4240 /* MyDiaryApp3.xcdatamodeld */ = {
			isa = XCVersionGroup;
			children = (
				117E575D21D41221009E4240 /* MyDiaryApp3.xcdatamodel */,
			);
			currentVersion = 117E575D21D41221009E4240 /* MyDiaryApp3.xcdatamodel */;
			path = MyDiaryApp3.xcdatamodeld;
			sourceTree = "<group>";
			versionGroupType = wrapper.xcdatamodel;
		};
/* End XCVersionGroup section */
	};
	rootObject = 117E574A21D41220009E4240 /* Project object */;
}
